
Microsoft Visual Studio Solution File, Format Version 12.00
# Visual Studio 2013
VisualStudioVersion = 12.0.21005.1
MinimumVisualStudioVersion = 10.0.40219.1
Project("{FAE04EC0-301F-11D3-BF4B-00C04F79EFBC}") = "ModelLayerClassLibrary", "ModelLayerClassLibrary\ModelLayerClassLibrary.csproj", "{B8183C60-F294-45DE-8A80-C71F0823E655}"
EndProject
Project("{FAE04EC0-301F-11D3-BF4B-00C04F79EFBC}") = "WebApplication", "WebApplication\WebApplication.csproj", "{9CDDE972-0C20-4240-9B5E-C36DB38EBF1A}"
EndProject
Project("{FAE04EC0-301F-11D3-BF4B-00C04F79EFBC}") = "ServiceClassLibrary", "ServiceClassLibrary\ServiceClassLibrary.csproj", "{4B681F6B-945F-4CDB-A284-8834A1664838}"
EndProject
Project("{FAE04EC0-301F-11D3-BF4B-00C04F79EFBC}") = "UtilsValidation", "UtilsValidation\UtilsValidation.csproj", "{1256DF4E-4A31-431F-BAC2-ED10BFC4D976}"
EndProject
Project("{FAE04EC0-301F-11D3-BF4B-00C04F79EFBC}") = "UnitTest", "UnitTest\UnitTest.csproj", "{24DFCDF0-28F0-4A97-8861-F264A9F38FD2}"
EndProject
Global
	GlobalSection(SolutionConfigurationPlatforms) = preSolution
		Debug|Any CPU = Debug|Any CPU
		Release|Any CPU = Release|Any CPU
	EndGlobalSection
	GlobalSection(ProjectConfigurationPlatforms) = postSolution
		{B8183C60-F294-45DE-8A80-C71F0823E655}.Debug|Any CPU.ActiveCfg = Debug|Any CPU
		{B8183C60-F294-45DE-8A80-C71F0823E655}.Debug|Any CPU.Build.0 = Debug|Any CPU
		{B8183C60-F294-45DE-8A80-C71F0823E655}.Release|Any CPU.ActiveCfg = Release|Any CPU
		{B8183C60-F294-45DE-8A80-C71F0823E655}.Release|Any CPU.Build.0 = Release|Any CPU
		{9CDDE972-0C20-4240-9B5E-C36DB38EBF1A}.Debug|Any CPU.ActiveCfg = Debug|Any CPU
		{9CDDE972-0C20-4240-9B5E-C36DB38EBF1A}.Debug|Any CPU.Build.0 = Debug|Any CPU
		{9CDDE972-0C20-4240-9B5E-C36DB38EBF1A}.Release|Any CPU.ActiveCfg = Release|Any CPU
		{9CDDE972-0C20-4240-9B5E-C36DB38EBF1A}.Release|Any CPU.Build.0 = Release|Any CPU
		{4B681F6B-945F-4CDB-A284-8834A1664838}.Debug|Any CPU.ActiveCfg = Debug|Any CPU
		{4B681F6B-945F-4CDB-A284-8834A1664838}.Debug|Any CPU.Build.0 = Debug|Any CPU
		{4B681F6B-945F-4CDB-A284-8834A1664838}.Release|Any CPU.ActiveCfg = Release|Any CPU
		{4B681F6B-945F-4CDB-A284-8834A1664838}.Release|Any CPU.Build.0 = Release|Any CPU
		{1256DF4E-4A31-431F-BAC2-ED10BFC4D976}.Debug|Any CPU.ActiveCfg = Debug|Any CPU
		{1256DF4E-4A31-431F-BAC2-ED10BFC4D976}.Debug|Any CPU.Build.0 = Debug|Any CPU
		{1256DF4E-4A31-431F-BAC2-ED10BFC4D976}.Release|Any CPU.ActiveCfg = Release|Any CPU
		{1256DF4E-4A31-431F-BAC2-ED10BFC4D976}.Release|Any CPU.Build.0 = Release|Any CPU
		{24DFCDF0-28F0-4A97-8861-F264A9F38FD2}.Debug|Any CPU.ActiveCfg = Debug|Any CPU
		{24DFCDF0-28F0-4A97-8861-F264A9F38FD2}.Debug|Any CPU.Build.0 = Debug|Any CPU
		{24DFCDF0-28F0-4A97-8861-F264A9F38FD2}.Release|Any CPU.ActiveCfg = Release|Any CPU
		{24DFCDF0-28F0-4A97-8861-F264A9F38FD2}.Release|Any CPU.Build.0 = Release|Any CPU
	EndGlobalSection
	GlobalSection(SolutionProperties) = preSolution
		HideSolutionNode = FALSE
	EndGlobalSection
EndGlobal
